{
    "requires": true,
    "lockfileVersion": 1,
    "dependencies": {
        "print-js": {
            "version": "1.0.52",
            "resolved": "https://registry.npmjs.org/print-js/-/print-js-1.0.52.tgz",
            "integrity": "sha512-CqC9BTCdkruBohs5WfpGD6BCu9KV5o9tRMlIB14bRZdJna0WnZ4qtTg0FF23HNjvYS31p81Y1GAxAdK5gU11Sw=="
        }
    }
}
